{
  "lockfileVersion": 1,
  "configVersion": 1,
  "workspaces": {
    "": {
      "name": "fab-cad",
      "devDependencies": {
        "@types/bun": "1.4.1",
        "prettier": "3.6.2",
        "typescript": "5.9.3",
      },
    },
    "packages/client": {
      "name": "@fab-cad/client",
      "version": "0.0.1",
      "dependencies": {
        "@fab-cad/protocol": "workspace:*",
      },
      "devDependencies": {
        "@fab-cad/mock-server": "workspace:*",
        "@types/bun": "1.4.1",
        "typescript": "5.9.3",
      },
    },
    "packages/freecad-wasm": {
      "name": "@fab-cad/freecad-wasm",
      "version": "0.0.1",
      "devDependencies": {
        "@fab-cad/client": "workspace:*",
        "@fab-cad/mock-server": "workspace:*",
        "@fab-cad/protocol": "workspace:*",
        "@types/bun": "1.4.1",
        "typescript": "5.9.3",
      },
    },
    "packages/mock-server": {
      "name": "@fab-cad/mock-server",
      "version": "0.0.1",
      "bin": {
        "fab-cad-mock": "./src/main.ts",
      },
      "dependencies": {
        "@fab-cad/protocol": "workspace:*",
      },
      "devDependencies": {
        "@types/bun": "1.4.1",
        "typescript": "5.9.3",
      },
    },
    "packages/protocol": {
      "name": "@fab-cad/protocol",
      "version": "0.0.1",
      "dependencies": {
        "cbor-x": "1.6.6",
      },
      "devDependencies": {
        "@types/bun": "1.4.1",
        "typescript": "5.9.3",
      },
    },
    "tooling/ci": {
      "name": "@fab-cad/ci",
      "version": "0.0.1",
      "devDependencies": {
        "@types/bun": "1.4.1",
      },
    },
  },
  "packages": {
    "@cbor-extract/cbor-extract-darwin-arm64": ["@cbor-extract/cbor-extract-darwin-arm64@2.2.2", "", { "os": "darwin", "cpu": "arm64" }, "sha512-ZKZ/F8US7JR92J4DMct6cLW/Y66o2K576+zjlEN/MevH70bFIsB10wkZEQPLzl2oNh2SMGy55xpJ9JoBRl5DOA=="],

    "@cbor-extract/cbor-extract-darwin-x64": ["@cbor-extract/cbor-extract-darwin-x64@2.2.2", "", { "os": "darwin", "cpu": "x64" }, "sha512-32b1mgc+P61Js+KW9VZv/c+xRw5EfmOcPx990JbCBSkYJFY0l25VinvyyWfl+3KjibQmAcYwmyzKF9J4DyKP/Q=="],

    "@cbor-extract/cbor-extract-linux-arm": ["@cbor-extract/cbor-extract-linux-arm@2.2.2", "", { "os": "linux", "cpu": "arm" }, "sha512-tNg0za41TpQfkhWjptD+0gSD2fggMiDCSacuIeELyb2xZhr7PrhPe5h66Jc67B/5dmpIhI2QOUtv4SBsricyYQ=="],

    "@cbor-extract/cbor-extract-linux-arm64": ["@cbor-extract/cbor-extract-linux-arm64@2.2.2", "", { "os": "linux", "cpu": "arm64" }, "sha512-wfqgzqCAy/Vn8i6WVIh7qZd0DdBFaWBjPdB6ma+Wihcjv0gHqD/mw3ouVv7kbbUNrab6dKEx/w3xQZEdeXIlzg=="],

    "@cbor-extract/cbor-extract-linux-x64": ["@cbor-extract/cbor-extract-linux-x64@2.2.2", "", { "os": "linux", "cpu": "x64" }, "sha512-rpiLnVEsqtPJ+mXTdx1rfz4RtUGYIUg2rUAZgd1KjiC1SehYUSkJN7Yh+aVfSjvCGtVP0/bfkQkXpPXKbmSUaA=="],

    "@cbor-extract/cbor-extract-win32-x64": ["@cbor-extract/cbor-extract-win32-x64@2.2.2", "", { "os": "win32", "cpu": "x64" }, "sha512-dI+9P7cfWxkTQ+oE+7Aa6onEn92PHgfWXZivjNheCRmTBDBf2fx6RyTi0cmgpYLnD1KLZK9ZYrMxaPZ4oiXhGA=="],

    "@fab-cad/ci": ["@fab-cad/ci@workspace:tooling/ci"],

    "@fab-cad/client": ["@fab-cad/client@workspace:packages/client"],

    "@fab-cad/freecad-wasm": ["@fab-cad/freecad-wasm@workspace:packages/freecad-wasm"],

    "@fab-cad/mock-server": ["@fab-cad/mock-server@workspace:packages/mock-server"],

    "@fab-cad/protocol": ["@fab-cad/protocol@workspace:packages/protocol"],

    "@types/bun": ["@types/bun@1.4.1", "", { "dependencies": { "bun-types": "1.4.1" } }, "sha512-0AVGiTXGajf1rgKom3N+c5L7CBxuoyyv1i44M0nX4UDK0G/fnRAMiri93nHuVPIb429KKtAgj7HatVmmOjeQLA=="],

    "@types/node": ["@types/node@26.6.3", "", { "dependencies": { "undici-types": "~8.9.0" } }, "sha512-dsqMQQoeTLqu9wynDD00q573mNzso3IdQOAfHRJqLCcmCFPoGo9A1bDpUcv/9tnKpErQWv9uKeGfl37EIS02Yg=="],

    "bun-types": ["bun-types@1.4.1", "", { "dependencies": { "@types/node": "*" } }, "sha512-loKuVrAFZKfEv+JvWkHRS9GW5IqLuLRjVXN9p+vZvBN86O5hf/pBZQ5hSoyipsrMmWObZBDvWnlmKvjKTM0PdA=="],

    "cbor-extract": ["cbor-extract@2.2.2", "", { "dependencies": { "node-gyp-build-optional-packages": "5.1.1" }, "optionalDependencies": { "@cbor-extract/cbor-extract-darwin-arm64": "2.2.2", "@cbor-extract/cbor-extract-darwin-x64": "2.2.2", "@cbor-extract/cbor-extract-linux-arm": "2.2.2", "@cbor-extract/cbor-extract-linux-arm64": "2.2.2", "@cbor-extract/cbor-extract-linux-x64": "2.2.2", "@cbor-extract/cbor-extract-win32-x64": "2.2.2" }, "bin": { "download-cbor-prebuilds": "bin/download-prebuilds.js" } }, "sha512-hlSxxI9XO2yQfe9g6msd3g4xCfDqK5T5P0fRMLuaLHhxn4ViPrm+a+MUfhrvH2W962RGxcBwEGzLQyjbDG1gng=="],

    "cbor-x": ["cbor-x@1.6.6", "", { "optionalDependencies": { "cbor-extract": "^2.2.2" } }, "sha512-8QiD9PGOxyQHo7s2pzwTBH6lTjqekxPdl9Aq6fXvZgCuCJHOht1puDEA/fTr6mciB76c+M+Gi0qT2i1a4pm4Wg=="],

    "detect-libc": ["detect-libc@2.1.2", "", {}, "sha512-Btj2BOOO83o3WyH59e8MgXsxEQVcarkUOpEYrubB0urwnN10yQ364rsiByU11nZlqWYZm05i/of7io4mzihBtQ=="],

    "node-gyp-build-optional-packages": ["node-gyp-build-optional-packages@5.1.1", "", { "dependencies": { "detect-libc": "^2.0.1" }, "bin": { "node-gyp-build-optional-packages": "bin.js", "node-gyp-build-optional-packages-test": "build-test.js", "node-gyp-build-optional-packages-optional": "optional.js" } }, "sha512-+P72GAjVAbTxjjwUmwjVrqrdZROD4nf8KgpBoDxqXXTiYZZt/ud60dE5yvCSr9lRO8e8yv6kgJIC0K0PfZFVQw=="],

    "prettier": ["prettier@3.6.2", "", { "bin": { "prettier": "bin/prettier.cjs" } }, "sha512-I7AIg5boAr5R0FFtJ6rCfD+LFsWHp81dolrFD8S79U9tb8Az2nGrJncnMSnys+bpQJfRUzqs9hnA81OAA3hCuQ=="],

    "typescript": ["typescript@5.9.3", "", { "bin": { "tsc": "bin/tsc", "tsserver": "bin/tsserver" } }, "sha512-jl1vZzPDinLr9eUt3J/t7V6FgNEw9QjvBPdysz9KfQDD41fQrC2Y4vKQdiaUpFT4bXlb1RHhLpp8wtm6M5TgSw=="],

    "undici-types": ["undici-types@8.9.0", "", {}, "sha512-KTDyRTYX8sWmKXAikPHHSyc63CRPETMctyjKFupcC6OBLXT3xsN0e9aF7m+mIXutFWpUXuedtowG7iLOzp0kQg=="],
  }
}
